# This file is automatically @generated by Cargo.
# It is not intended for manual editing.
version = 4

[[package]]
name = "blackflower"
version = "0.1.0"

[[package]]
name = "blackflower-ecs"
version = "0.1.0"

[[package]]
name = "blackflower-harness"
version = "0.1.0"

[[package]]
name = "blackflower-prediction"
version = "0.1.0"

[[package]]
name = "blackflower-presentation"
version = "0.1.0"

[[package]]
name = "blackflower-server"
version = "0.1.0"

[[package]]
name = "blackflower-simulation"
version = "0.1.0"
