02ea5de2ab6ddba978606ad58647bf6371ea68c0ed63aa5d6d0d3b8c1fe77ea3 https://snapshot.ubuntu.com/ubuntu/20260908T000000Z/pool/main/i/isl/libisl23_0.27-1build1_amd64.deb
050ad79c8c02956d896407ff66fddcb24e114b307cde196a0226697cf643ef88 https://snapshot.ubuntu.com/ubuntu/20260908T000000Z/pool/main/libo/libonig/libonig5_6.9.10-1build1_amd64.deb
05541ea1edb19e54bea297a21a9c33d0b99ca2cfe2e86d4a67335e6640667cfc https://snapshot.ubuntu.com/ubuntu/20260908T000000Z/pool/main/b/binutils/libsframe3_2.46-3ubuntu2_amd64.deb
05a64873a18fb10d52ba2c8ee1fd0a605a974d75264d824ef2771c799f49ea63 https://snapshot.ubuntu.com/ubuntu/20260908T000000Z/pool/main/g/gcc-defaults/cpp_15.2.0-5ubuntu1_amd64.deb
06118ba5b19b77279bdacff19344ed43803afc743c0ec7e610a544fbaed5c29e https://snapshot.ubuntu.com/ubuntu/20260908T000000Z/pool/main/r/re2/libre2-11_20250805-1build3_amd64.deb
0752eddff4c494d682f433cac2f1d25196f0a405eb8c6b0b10ec46432f6fec71 https://snapshot.ubuntu.com/ubuntu/20260908T000000Z/pool/main/g/gdbm/libgdbm6t64_1.26-1build1_amd64.deb
090bb705b6d49213b288f19d78be78a55a1b72843efb12eae73ab5cca0f54b8d https://snapshot.ubuntu.com/ubuntu/20260908T000000Z/pool/main/b/bubblewrap/bubblewrap_0.11.1-1_amd64.deb
0c21d2572880614763ce3dd23a2d6a96e25fc71ca038e2cdc0844cb017af0e17 https://snapshot.ubuntu.com/ubuntu/20260908T000000Z/pool/main/g/gnupg2/dirmngr_2.4.8-4ubuntu3.1_amd64.deb
0cea6b98673ff88218b7e5f18c1bd42f06bdfcae6c1ebc9964adf3bc41420c19 https://snapshot.ubuntu.com/ubuntu/20260908T000000Z/pool/main/o/openssl/openssl_3.5.5-1ubuntu3.5_amd64.deb
0e5a899095d92d6db9585183a5225504f5dc5ecaffdfe2a25d745a9502de3b30 https://snapshot.ubuntu.com/ubuntu/20260908T000000Z/pool/main/p/patch/patch_2.8-2build1_amd64.deb
0ec36b7cce8fa2072260020a42d2b77ddc31b2eba606356ccc4120f4caddb805 https://snapshot.ubuntu.com/ubuntu/20260908T000000Z/pool/main/p/pkgconf/pkg-config_2.5.1-4_amd64.deb
11b9b2ce6702d86dd3dea60e08bd15255d7fd9545431a9e555eec47770404de0 https://snapshot.ubuntu.com/ubuntu/20260908T000000Z/pool/main/c/cyrus-sasl2/libsasl2-2_2.1.28%2bdfsg1-9ubuntu3_amd64.deb
127d735efece139dfb7109ac3709da7eb8923bef090c20a10dbaf4c4fa45001d https://snapshot.ubuntu.com/ubuntu/20260908T000000Z/pool/main/k/krb5/libkrb5support0_1.22.1-2ubuntu4.1_amd64.deb
12e4e287c484578827f3a9b0c81798e9af940514c82ac8e3e6498533c7437655 https://snapshot.ubuntu.com/ubuntu/20260908T000000Z/pool/universe/g/grpc/libgrpc%2b%2b1.51t64_1.51.1-8ubuntu1_amd64.deb
1376a5e49c8dc2ba938fadc15fce40dd01c7fbf1adf2d506a2a7cf7148e347c8 https://snapshot.ubuntu.com/ubuntu/20260908T000000Z/pool/main/b/binutils/libbinutils_2.46-3ubuntu2_amd64.deb
14211c45bb75f9543e6053207533370047873ade7e4c70f7285400f1df6c898f https://snapshot.ubuntu.com/ubuntu/20260908T000000Z/pool/main/libx/libxml2/libxml2-16_2.15.2%2bdfsg-0.1ubuntu0.1_amd64.deb
150603a0792b1d22aa0bde0a26c27b413018c799284003e4b43cba587a5b3a18 https://snapshot.ubuntu.com/ubuntu/20260908T000000Z/pool/main/libc/libcap2/libcap2_2.75-10ubuntu2_amd64.deb
163c4c1b52abbd150dd3d1e112cbf2db528d75c09146b36f69f535218319ce23 https://snapshot.ubuntu.com/ubuntu/20260908T000000Z/pool/main/c/c-ares/libcares2_1.34.6-1_amd64.deb
1649aa71c45b047feda5b9ca303c94799bdba5befa5c9de9735cbfc59c3ef93f https://snapshot.ubuntu.com/ubuntu/20260908T000000Z/pool/main/g/gcc-15/cpp-15-x86-64-linux-gnu_15.2.0-16ubuntu1_amd64.deb
179a3b73e9001313fd4f5ba2ccca68b66da5b88ec07322686c179600583b66b7 https://snapshot.ubuntu.com/ubuntu/20260908T000000Z/pool/main/c/curl/libcurl3t64-gnutls_8.18.0-1ubuntu2.4_amd64.deb
1890e37e38fd64bc10630e508f4a013a76bddbe05be2ed89e68df28463712b55 https://snapshot.ubuntu.com/ubuntu/20260908T000000Z/pool/main/m/m4/m4_1.4.21-1_amd64.deb
18b35148f64d0bb17b5c34efa6bdeefa4df9ca122ba12130f7245bccd65a950a https://snapshot.ubuntu.com/ubuntu/20260908T000000Z/pool/main/g/gcc-defaults/cpp-x86-64-linux-gnu_15.2.0-5ubuntu1_amd64.deb
1a443abf03a5af97f4493405e22eba52fd6935a8b0583ac32fb88b3727563e53 https://snapshot.ubuntu.com/ubuntu/20260908T000000Z/pool/main/a/automake/automake_1.18.1-3build1_all.deb
1addf72593c6a53aa1ed9e373af88fb625610ffffa050d23fa871cea95f32f4a https://snapshot.ubuntu.com/ubuntu/20260908T000000Z/pool/universe/l/llvm-toolchain-21/libclang-rt-21-dev_21.1.8-6ubuntu1_amd64.deb
1ae62705714f660ecdfd70273fce5b226b6cb7b9fe53776531799093edc99774 https://snapshot.ubuntu.com/ubuntu/20260908T000000Z/pool/main/libp/libpsl/libpsl5t64_0.21.2-1.1build2_amd64.deb
1c8c808ab24ff3018ac886e3f311edee0f2d4d97d12d3908be52343e89807046 https://snapshot.ubuntu.com/ubuntu/20260908T000000Z/pool/main/n/nettle/libhogweed6t64_3.10.2-1_amd64.deb
1dc986ac3cf112384919d1a339a952e8a86bede9890a4489c016fdc266a036ca https://snapshot.ubuntu.com/ubuntu/20260908T000000Z/pool/main/j/jansson/libjansson4_2.14-2build4_amd64.deb
1de7b83844537091315210afb466ff2cd022874db5a6a785ce06b41bd3507eb3 https://snapshot.ubuntu.com/ubuntu/20260908T000000Z/pool/main/c/cyrus-sasl2/libsasl2-modules-db_2.1.28%2bdfsg1-9ubuntu3_amd64.deb
1f6f2bdcde84641e89c9367a7a99d90e990efa3e487a8d625241c2f9c55db5f4 https://snapshot.ubuntu.com/ubuntu/20260908T000000Z/pool/main/u/unzip/unzip_6.0-29ubuntu1_amd64.deb
1ff88ad587f9e52e9f333ab00ae0babea93ac5222fc6909039c4190affe1d574 https://snapshot.ubuntu.com/ubuntu/20260908T000000Z/pool/main/p/python3-defaults/python3_3.14.3-0ubuntu2_amd64.deb
22338fcbcaae99f67ca7b2e20d1730bc29d3c02bcd2414e457f99be96442ee29 https://snapshot.ubuntu.com/ubuntu/20260908T000000Z/pool/main/libe/libedit/libedit2_3.1-20251016-1_amd64.deb
2251b00349af01ecffeb934df74af5e656482939d572acf1180b0fac571f27e8 https://snapshot.ubuntu.com/ubuntu/20260908T000000Z/pool/universe/g/gcc-15/libobjc-15-dev_15.2.0-16ubuntu1_amd64.deb
25d85e79218e7002666f75f793c180c377847a802cc6b3278575d151629dc825 https://snapshot.ubuntu.com/ubuntu/20260908T000000Z/pool/main/n/npth/libnpth0t64_1.8-3build1_amd64.deb
260b3333e9f714252593b83fb31d2571097b64d337d0d7100aae7349029821fc https://snapshot.ubuntu.com/ubuntu/20260908T000000Z/pool/main/r/readline/libreadline8t64_8.3-4_amd64.deb
28da225c111d3ce9d230209cca24db46ec645f631f593f188bef718d8a1e4711 https://snapshot.ubuntu.com/ubuntu/20260908T000000Z/pool/main/g/gcc-15/gcc-15_15.2.0-16ubuntu1_amd64.deb
2b17376f006d03c59e90ff1172ee8e1939d42e6df588d522aae070c462540fa4 https://snapshot.ubuntu.com/ubuntu/20260908T000000Z/pool/main/b/bzip2/bzip2_1.0.8-6ubuntu0.1_amd64.deb
2b42b79a81f9407d0ae9650541dca2e416b76b6ad9f7794737bac8c6d6f56823 https://snapshot.ubuntu.com/ubuntu/20260908T000000Z/pool/main/libj/libjsoncpp/libjsoncpp26_1.9.6-5_amd64.deb
2be84461c2f47fd7ce2cfea2e35d775d0e30582879bf1c0e80a1c22f92a2cdac https://snapshot.ubuntu.com/ubuntu/20260908T000000Z/pool/main/g/gcc-defaults/g%2b%2b_15.2.0-5ubuntu1_amd64.deb
2c71d57ea0c4107f652896b91566a4b8b694f8fa75e53df96420b4c6747a6dae https://snapshot.ubuntu.com/ubuntu/20260908T000000Z/pool/main/b/build-essential/build-essential_12.12ubuntu2.26.04.2_amd64.deb
3264ec3ed617abec65c55f2e165cf78f8c9dd006859faf0d863a8bc6095a67fd https://snapshot.ubuntu.com/ubuntu/20260908T000000Z/pool/main/f/file/libmagic-mgc_5.46-5build2_amd64.deb
32fa5bde1891f46fd4f422e466c863fb78e834b634e1aa08211c8eea68870af5 https://snapshot.ubuntu.com/ubuntu/20260908T000000Z/pool/main/g/gcc-15/libgcc-15-dev_15.2.0-16ubuntu1_amd64.deb
34b1757ce619720541c7e1e8d8f3aa506cb327731374e284ffb6ec872a2c566f https://snapshot.ubuntu.com/ubuntu/20260908T000000Z/pool/main/b/binutils/libctf0_2.46-3ubuntu2_amd64.deb
34b1d3923be6ea7b4fde3efaf59165cc8f0ad1999f653051b13d7d1a6623f932 https://snapshot.ubuntu.com/ubuntu/20260908T000000Z/pool/universe/libp/libpfm4/libpfm4_4.13.0%2bgit106-g3e4031b-1ubuntu0.1_amd64.deb
35170497c2191fa8f4d9e25f867057d93d8f59a6529b0dee96788d0c02866db6 https://snapshot.ubuntu.com/ubuntu/20260908T000000Z/pool/main/g/gnupg2/gpg-agent_2.4.8-4ubuntu3.1_amd64.deb
353f622f6432a3d65bedd3c23e0af98c2c438650b497b355772a56a05ebf7dd0 https://snapshot.ubuntu.com/ubuntu/20260908T000000Z/pool/main/p/pkgconf/libpkgconf7_2.5.1-4_amd64.deb
3747890fd79d7c64ee7e3496e54742dd482cff01574d885b84adb645c7ade7af https://snapshot.ubuntu.com/ubuntu/20260908T000000Z/pool/main/g/gnupg2/gpgconf_2.4.8-4ubuntu3.1_amd64.deb
3a6fe241827ac271f013b4f2cdac145cbf349a5916b0628435208b5a9d592bb6 https://snapshot.ubuntu.com/ubuntu/20260908T000000Z/pool/main/p/python3.14/libpython3.14-minimal_3.14.4-1ubuntu0.1_amd64.deb
3c846f001d87b16e5038a3919ca975276808a2db17459308a9d0f965c1cddac5 https://snapshot.ubuntu.com/ubuntu/20260908T000000Z/pool/main/b/binutils/binutils-common_2.46-3ubuntu2_amd64.deb
3ced45ef4154cce59ce9fc74cc606b7361fa1b2f088b31a903d54fbcee75cb43 https://snapshot.ubuntu.com/ubuntu/20260908T000000Z/pool/main/j/jq/libjq1_1.8.1-4ubuntu2_amd64.deb
3e069924c6d18381485c9cfa148f290dc3e8c8f31720aee8f1943c704116a361 https://snapshot.ubuntu.com/ubuntu/20260908T000000Z/pool/main/liba/libarchive/libarchive13t64_3.8.5-1ubuntu2.2_amd64.deb
41cf2a45b370ebef33e5bda8259330b50aaa958e6f287f993b651e62318b9e12 https://snapshot.ubuntu.com/ubuntu/20260908T000000Z/pool/main/p/python3.14/python3.14_3.14.4-1ubuntu0.1_amd64.deb
4201421a400172721d7e8f39db7f4ae1b65fe06f6ed8151b3346a2809871583b https://snapshot.ubuntu.com/ubuntu/20260908T000000Z/pool/main/l/lto-disabled-list/lto-disabled-list_79_all.deb
420e777fef436f397a85ddedde53fbb44f92c7ca8e87d581f9d86573859e1aa4 https://snapshot.ubuntu.com/ubuntu/20260908T000000Z/pool/main/g/gcc-16/libquadmath0_16-20260322-1ubuntu1_amd64.deb
434394dc6703f8e195c19764bd03aa55a0a9986749285fd7abe0a0e4ab086cfc https://snapshot.ubuntu.com/ubuntu/20260908T000000Z/pool/main/a/autotools-dev/autotools-dev_20240727.1build1_all.deb
45d8edc3e6775179bee9ecb0211727e3e8d53ee3caf4ddb2e1310ac28080053d https://snapshot.ubuntu.com/ubuntu/20260908T000000Z/pool/main/g/gcc-defaults/g%2b%2b-x86-64-linux-gnu_15.2.0-5ubuntu1_amd64.deb
4807f725f316eab5718eadbb2892ceebbf32db6024b73f1d2750c1d7e17a461e https://snapshot.ubuntu.com/ubuntu/20260908T000000Z/pool/main/p/python3.14/python3.14-minimal_3.14.4-1ubuntu0.1_amd64.deb
484ac5fd30a19bfade8db336fe70f3c046beccd1c9a9ac327fcd89d29dd5a125 https://snapshot.ubuntu.com/ubuntu/20260908T000000Z/pool/main/g/gcc-16/libcc1-0_16-20260322-1ubuntu1_amd64.deb
4a7423124bbd459c0aa38b7389ec7802fa6899654767a95fc27de70967fedd48 https://snapshot.ubuntu.com/ubuntu/20260908T000000Z/pool/main/libf/libffi/libffi8_3.5.2-4_amd64.deb
4d49b3022a78c3a6cfb398190a6ac0a8e7c178584c7d8f34890e1a91cc4b5a61 https://snapshot.ubuntu.com/ubuntu/20260908T000000Z/pool/main/c/curl/curl_8.18.0-1ubuntu2.4_amd64.deb
4f70867d7f8ae06f575e0d791428d88eb3825f5663a608e9b355d5e5e752c1e0 https://snapshot.ubuntu.com/ubuntu/20260908T000000Z/pool/main/l/llvm-toolchain-21/libclang1-21_21.1.8-6ubuntu1_amd64.deb
507b526fd78f9dff89696bbc3085af3117059f37fd281542778ac8b97be44690 https://snapshot.ubuntu.com/ubuntu/20260908T000000Z/pool/main/d/dpkg/dpkg-dev_1.23.7ubuntu1_all.deb
50c755317b3848155b6e4a88a09706b91f55426a474b932e4ee57077dbf39d22 https://snapshot.ubuntu.com/ubuntu/20260908T000000Z/pool/main/libk/libksba/libksba8_1.6.7-2build1_amd64.deb
51e9cecdb44252d9fed8209ce8d3194455210905068fbbf7c08dd016e3ed4b8f https://snapshot.ubuntu.com/ubuntu/20260908T000000Z/pool/universe/l/llvm-toolchain-21/llvm-21-linker-tools_21.1.8-6ubuntu1_amd64.deb
533239a464183f041f7c979f899fd8419e31ac82366540e57902a255de78f156 https://snapshot.ubuntu.com/ubuntu/20260908T000000Z/pool/universe/n/ninja-build/ninja-build_1.13.2-1_amd64.deb
53687c45a0a4d9eac7dc1f70b2c098a9b4994f2c12d66518b26fc7f7a09bba49 https://snapshot.ubuntu.com/ubuntu/20260908T000000Z/pool/main/l/llvm-toolchain-21/libclang-cpp21_21.1.8-6ubuntu1_amd64.deb
53cdc5a963bbdda938f8996496a5e78bcf484e6e41a2ef2c0f8cf566808f71f5 https://snapshot.ubuntu.com/ubuntu/20260908T000000Z/pool/main/r/readline/readline-common_8.3-4_all.deb
54612a2019863c44d80218f40d40670c3684108f4b2a760aae644ab68457e239 https://snapshot.ubuntu.com/ubuntu/20260908T000000Z/pool/main/k/krb5/libkrb5-3_1.22.1-2ubuntu4.1_amd64.deb
593e3a7a78b7b0f213a158d9a83866fdff52ba6cf937772230ba4af94bffd7ce https://snapshot.ubuntu.com/ubuntu/20260908T000000Z/pool/universe/g/grpc/libgrpc29t64_1.51.1-8ubuntu1_amd64.deb
59c74951324ead0ff77ab945d561feb1b21bc189b793600b8e2b7cf4d39b1ee5 https://snapshot.ubuntu.com/ubuntu/20260908T000000Z/pool/main/libt/libtasn1-6/libtasn1-6_4.21.0-2_amd64.deb
5a302d705d562fb7e150415b00651c00fed58b633faadff0b332eac1b73fadb3 https://snapshot.ubuntu.com/ubuntu/20260908T000000Z/pool/main/g/gcc-15/gcc-15-base_15.2.0-16ubuntu1_amd64.deb
5a8cddf80d9f5aeee1f39315158cfcc0f3e2c7573f9d6236fc6b85537400a937 https://snapshot.ubuntu.com/ubuntu/20260908T000000Z/pool/main/x/xz-utils/xz-utils_5.8.3-1_amd64.deb
5b3146cd9d380e4725fc5b5e54795ae1f72d165d93e68ce29076b69762661fd4 https://snapshot.ubuntu.com/ubuntu/20260908T000000Z/pool/main/libt/libtool/libtool_2.5.4-9_all.deb
5c9b857d7d6a0c22b30dae45d518b375452cf7c663fc9381e3f0760ba3fb8cce https://snapshot.ubuntu.com/ubuntu/20260908T000000Z/pool/main/libu/libuv1/libuv1t64_1.51.0-2ubuntu1_amd64.deb
5ca038ae110ddf65e190b9fe88822592abd45cecba5001f3e4ce7692ca1f31be https://snapshot.ubuntu.com/ubuntu/20260908T000000Z/pool/main/b/binutils/libctf-nobfd0_2.46-3ubuntu2_amd64.deb
5ff0d3cfbca10a8f0e0e47b7d8adeb01645d0542caf02775e820e1c983a47058 https://snapshot.ubuntu.com/ubuntu/20260908T000000Z/pool/main/liba/libassuan/libassuan9_3.0.2-2build1_amd64.deb
6077d27c6b6f8b23590cb01ff877ed8c804a67a5442cc32b5a33da10d2bd0e90 https://snapshot.ubuntu.com/ubuntu/20260908T000000Z/pool/main/c/ca-certificates/ca-certificates_20260601%7e26.04.1_all.deb
65aa3967807849071674146a8237c3a44393dfca10722f9d7d8e80c8831de8aa https://snapshot.ubuntu.com/ubuntu/20260908T000000Z/pool/main/g/gcc-16/lib32gcc-s1_16-20260322-1ubuntu1_amd64.deb
6b066ab912300b2c6a965a9a8045da45c237a52b76c2c11d8f2ceaf7aabfacbb https://snapshot.ubuntu.com/ubuntu/20260908T000000Z/pool/main/b/binutils/libgprofng0_2.46-3ubuntu2_amd64.deb
6bd25c936289463c6472290d3b4377edf8dd4f5e3a07f356fb0adf2de04a8055 https://snapshot.ubuntu.com/ubuntu/20260908T000000Z/pool/main/g/gcc-16/libhwasan0_16-20260322-1ubuntu1_amd64.deb
6dd3b4bc962c55593b447e05cf1bb20deba09cf2c9acff43d4c164ea26ce138e https://snapshot.ubuntu.com/ubuntu/20260908T000000Z/pool/main/p/pinentry/pinentry-curses_1.3.2-3ubuntu1_amd64.deb
7393f33be5584941bcfbd03a25901058c708046ee5dded01c21d56652a2d0eb7 https://snapshot.ubuntu.com/ubuntu/20260908T000000Z/pool/main/g/gcc-defaults/gcc-x86-64-linux-gnu_15.2.0-5ubuntu1_amd64.deb
74defa71b7f81d66b103afccfce750ad356976696b40c96c846ddc956fcfe937 https://snapshot.ubuntu.com/ubuntu/20260908T000000Z/pool/main/m/mpfr4/libmpfr6_4.2.2-3_amd64.deb
75d0c4c28732f8e08d5da25a47676dbe923e4b15a8f7a77110ab370325889df5 https://snapshot.ubuntu.com/ubuntu/20260908T000000Z/pool/main/p/python3-defaults/libpython3-stdlib_3.14.3-0ubuntu2_amd64.deb
77271ce1fc2470f8b6b436f40fe55dd014d307f582d552209cac756f7f1b1a25 https://snapshot.ubuntu.com/ubuntu/20260908T000000Z/pool/main/p/pyyaml/python3-yaml_6.0.3-1build1_amd64.deb
77cbd0ddf7e7487079ec300ff7751322de5e7d67f0f46749591b78ff1442cbe8 https://snapshot.ubuntu.com/ubuntu/20260908T000000Z/pool/main/r/rtmpdump/librtmp1_2.4%2b20151223.gitfa8646d.1-3_amd64.deb
78de3c5c3ec5657bcbdc10c2b2bcd9cedd78e6814182566f1522af422b26d3ce https://snapshot.ubuntu.com/ubuntu/20260908T000000Z/pool/main/a/adduser/adduser_3.153ubuntu1_all.deb
790ced8d61606015e15ce4b39c12feb013fcc1e4ac2497f3933c14ae2aa600ff https://snapshot.ubuntu.com/ubuntu/20260908T000000Z/pool/universe/g/git-lfs/git-lfs_3.7.1-1_amd64.deb
792701d9c82e5f237879cc0bda552d8a127ea24b0c7d520e815aff14bd314b03 https://snapshot.ubuntu.com/ubuntu/20260908T000000Z/pool/universe/l/llvm-toolchain-21/clang-21_21.1.8-6ubuntu1_amd64.deb
7fac1b0a1a18397c67a8fc3c454d0556db36cb3b274ad3fbab2e936bce83b39b https://snapshot.ubuntu.com/ubuntu/20260908T000000Z/pool/universe/g/gh/gh_2.46.0-4_amd64.deb
82fa61135e7154d7958feaa91ec1808a688eb1e0e06822ab35e99e2480feb148 https://snapshot.ubuntu.com/ubuntu/20260908T000000Z/pool/main/g/gcc-16/libatomic1_16-20260322-1ubuntu1_amd64.deb
83a2a924c11759a2ed6e6f98f456d28e1b026974ce9e6e7ef12c9ac43b2d543e https://snapshot.ubuntu.com/ubuntu/20260908T000000Z/pool/main/n/nettle/libnettle8t64_3.10.2-1_amd64.deb
84c1afe45fdeada1772ab88be29e21b9e0970174bac3dc348e8f797d8f6f073f https://snapshot.ubuntu.com/ubuntu/20260908T000000Z/pool/main/a/abseil/libabsl20260107_20260107.0-4_amd64.deb
855e4f4a543789a427ad9aef77a31fbf99aebdd33576caa467e67a4301cd2d20 https://snapshot.ubuntu.com/ubuntu/20260908T000000Z/pool/main/f/file/libmagic1t64_5.46-5build2_amd64.deb
858242571fc2585c1f8eb83ae01d020f0f4a92679d0de8fe31146f6687bdd84a https://snapshot.ubuntu.com/ubuntu/20260908T000000Z/pool/main/b/brotli/libbrotli1_1.2.0-3build1_amd64.deb
8671ee6299becd379a13ffb7a50cf4ee48f2a02ef1ea0d6dd1de829a704aa11b https://snapshot.ubuntu.com/ubuntu/20260908T000000Z/pool/main/s/sqlite3/libsqlite3-0_3.46.1-9ubuntu0.2_amd64.deb
8673a23519f570b4a5b4a663a9ce3b0e2f0be50c7250ce7fdae19eb064c3d6aa https://snapshot.ubuntu.com/ubuntu/20260908T000000Z/pool/main/g/gcc-15/g%2b%2b-15-x86-64-linux-gnu_15.2.0-16ubuntu1_amd64.deb
878419d40eaae00845382d79896d20b446aa12b0550a9e12db381895b05d86c0 https://snapshot.ubuntu.com/ubuntu/20260908T000000Z/pool/main/p/protobuf/libprotoc32t64_3.21.12-15ubuntu1_amd64.deb
87c496f1e37b64bc0b4ad9c5fe0e75c09655f5399ed39695b876afba55becc61 https://snapshot.ubuntu.com/ubuntu/20260908T000000Z/pool/main/c/cmake/cmake_4.2.3-2ubuntu2_amd64.deb
88c0163f1acb384abde07641b7e13fcaea36e0a3b88fc57a653779fc429fc46a https://snapshot.ubuntu.com/ubuntu/20260908T000000Z/pool/main/libu/libunistring/libunistring5_1.3-2build1_amd64.deb
8d3a361e8655a0ff4a390243059949fa6f22d42d0e266f58b57c124eb21d2993 https://snapshot.ubuntu.com/ubuntu/20260908T000000Z/pool/main/o/openldap/libldap2_2.6.10%2bdfsg-1ubuntu5_amd64.deb
8e99ef104a6bf49bea708747fdf4c28eb4fcebd6dba9e55ecfa919211eb5ab75 https://snapshot.ubuntu.com/ubuntu/20260908T000000Z/pool/main/k/krb5/libk5crypto3_1.22.1-2ubuntu4.1_amd64.deb
919b209f5040c1dca1d9c3912521e4bc476028c2e16905ab09347004a599a722 https://snapshot.ubuntu.com/ubuntu/20260908T000000Z/pool/main/o/openldap/libldap-common_2.6.10%2bdfsg-1ubuntu5_all.deb
91fa094c31783f7ccf0f0df8ed06447655c40476ba61fc95dbd245a313f8171e https://snapshot.ubuntu.com/ubuntu/20260908T000000Z/pool/main/b/binutils/binutils-x86-64-linux-gnu_2.46-3ubuntu2_amd64.deb
9227b4149f0f553a58befd85bc905f1c91719dbae1c1971fade102f53692a40b https://snapshot.ubuntu.com/ubuntu/20260908T000000Z/pool/universe/l/llvm-toolchain-21/llvm-21_21.1.8-6ubuntu1_amd64.deb
92bdac0f443a648859d06dee3defb9c96864fd76df6cfe617ca70bb261344767 https://snapshot.ubuntu.com/ubuntu/20260908T000000Z/pool/main/libi/libidn2/libidn2-0_2.3.8-4build1_amd64.deb
95b7a9b63096840cb960562d190a802a541055366eb4bc756c763d7de6e174d8 https://snapshot.ubuntu.com/ubuntu/20260908T000000Z/pool/main/g/gcc-16/libtsan2_16-20260322-1ubuntu1_amd64.deb
968b0e503f877a81c67bf82b634973e73901f6c4f4c741b5ec09824120791cd3 https://snapshot.ubuntu.com/ubuntu/20260908T000000Z/pool/main/f/file/file_5.46-5build2_amd64.deb
9690471f395b6652f2cd8962334b9400e26a10daf4af7bf2f2c1a0325c193f0b https://snapshot.ubuntu.com/ubuntu/20260908T000000Z/pool/main/p/pkgconf/pkgconf-bin_2.5.1-4_amd64.deb
96f4d1c6fe3ebf78502f877ecedf73505fac0cfa23e2312496b32295390e89cc https://snapshot.ubuntu.com/ubuntu/20260908T000000Z/pool/main/p/perl/perl_5.40.1-7ubuntu0.1_amd64.deb
97153fe6f78a737d08227e7df8b185ddb064e69febdea8993ebde37a97b2527f https://snapshot.ubuntu.com/ubuntu/20260908T000000Z/pool/main/libc/libcbor/libcbor0.10_0.10.2-2ubuntu3_amd64.deb
97dc6694bd7919e163a600dff8a5d7f72d892934f97cb0d7deba285abff779ce https://snapshot.ubuntu.com/ubuntu/20260908T000000Z/pool/universe/7/7zip/7zip_26.00%2bdfsg-1_amd64.deb
984ca70b4b4af43812abeb6aa890ed0e8b7a725c9ac193b00d4df470fca1c1fe https://snapshot.ubuntu.com/ubuntu/20260908T000000Z/pool/main/d/dpkg/libdpkg-perl_1.23.7ubuntu1_all.deb
9a400597b1db45cf51238c9eb556e211ec092d363cfb7ebebac627750ba56433 https://snapshot.ubuntu.com/ubuntu/20260908T000000Z/pool/main/g/gcc-15/libstdc%2b%2b-15-dev_15.2.0-16ubuntu1_amd64.deb
9c92ca4435998b7981cf81f957177b71079563b022c282a4b8b7829113a5d08e https://snapshot.ubuntu.com/ubuntu/20260908T000000Z/pool/main/n/nghttp2/libnghttp2-14_1.68.0-2ubuntu0.2_amd64.deb
9d23ccd2a24d8618ca8bc7f1e14e1d02b9632854d69c82b6f8753dc5c1a98b16 https://snapshot.ubuntu.com/ubuntu/20260908T000000Z/pool/main/p/pkgconf/pkgconf_2.5.1-4_amd64.deb
9e758998dcb4aa27abbe64f2dee7bc490d9eb0721afa334a82a2b1bf6c7648f9 https://snapshot.ubuntu.com/ubuntu/20260908T000000Z/pool/main/l/llvm-toolchain-21/libllvm21_21.1.8-6ubuntu1_amd64.deb
9edd0db0fa94580ab013529d6842a8e89b8ed22ab337da5e95cbb43971978815 https://snapshot.ubuntu.com/ubuntu/20260908T000000Z/pool/main/a/autoconf/autoconf_2.72-3.1ubuntu2_all.deb
9f4705a0b12f285e0632dff38fc0c3790ad2507874dcba2bc5f74ab91546adcd https://snapshot.ubuntu.com/ubuntu/20260908T000000Z/pool/universe/s/sccache/sccache_0.13.0%2bds-3build1_amd64.deb
9f4cc6f77e7c09929f80fc5534b638b95d257a90d6bf43c59d2232514759eb9d https://snapshot.ubuntu.com/ubuntu/20260908T000000Z/pool/main/c/cmake/cmake-data_4.2.3-2ubuntu2_all.deb
a20f4c034eb35e2e3d149595579190a9189c580bb930d78711c652b12d845c1c https://snapshot.ubuntu.com/ubuntu/20260908T000000Z/pool/universe/a/autoconf-archive/autoconf-archive_20241016-3_all.deb
a5d86db4dde3de557a419aa3199e916de30b356717c4c1e8974270fda615c051 https://snapshot.ubuntu.com/ubuntu/20260908T000000Z/pool/main/libx/libxcrypt/libcrypt-dev_4.5.1-1_amd64.deb
a7e6e2caac2ef6abfc3887064cbd4a3f65941303dee5853e6dc7171d102d1f4a https://snapshot.ubuntu.com/ubuntu/20260908T000000Z/pool/universe/p/python3.14/python3.14-venv_3.14.4-1ubuntu0.1_amd64.deb
a86f39d57a32b7c919c0ad721fc2f17ab533a42fda348c8d81a4eea1577a014f https://snapshot.ubuntu.com/ubuntu/20260908T000000Z/pool/main/m/make-dfsg/make_4.4.1-3_amd64.deb
a95c75b486f26fe8b140a632fd9e2883b7e2efc21f7586e155d27d2d2ff0ddc0 https://snapshot.ubuntu.com/ubuntu/20260908T000000Z/pool/main/m/mpclib3/libmpc3_1.3.1-3_amd64.deb
adab0eb28161aea2101e33d8b4c8a336ad62c34c70e01bd3d7c1026279ca5757 https://snapshot.ubuntu.com/ubuntu/20260908T000000Z/pool/main/p/protobuf/libprotobuf32t64_3.21.12-15ubuntu1_amd64.deb
add19738c63794d2aa9ac529d3b8aebe2e88980faecb6c1c59f07aefd6c3c314 https://snapshot.ubuntu.com/ubuntu/20260908T000000Z/pool/main/g/gcc-16/libgomp1_16-20260322-1ubuntu1_amd64.deb
af93f6d6e5b4c0f394d55f118154a9ed3cbf942f5a853a78c0ab4c54abdd35b1 https://snapshot.ubuntu.com/ubuntu/20260908T000000Z/pool/universe/l/llvm-toolchain-21/clang-tools-21_21.1.8-6ubuntu1_amd64.deb
b00fdd469849892f74374018652599c55f6936dde28c6156505257d2a4ccca43 https://snapshot.ubuntu.com/ubuntu/20260908T000000Z/pool/main/libg/libgc/libgc1_8.2.12-1_amd64.deb
b08d4e2842cd53dbe1565a46bd11d6f7ecb36bc08b236802ae4da744cae9f691 https://snapshot.ubuntu.com/ubuntu/20260908T000000Z/pool/main/g/gnutls28/libgnutls30t64_3.8.12-2ubuntu1.1_amd64.deb
b26e3493c7180b0cc8b5e7c2bf819323deca8b7662f34ddffef936b08ffb1456 https://snapshot.ubuntu.com/ubuntu/20260908T000000Z/pool/main/l/linux/linux-libc-dev_7.0.0-31.31_amd64.deb
ba90a203148af52bafea245c779043adf9650b373fbbb2fc9b86e5b3bfe4ced4 https://snapshot.ubuntu.com/ubuntu/20260908T000000Z/pool/main/g/glibc/libc6-i386_2.43-2ubuntu2.3_amd64.deb
baacc9086e17c8cadc3603365e660f907bca483de4446e56e6f1bc25da4c02be https://snapshot.ubuntu.com/ubuntu/20260908T000000Z/pool/main/g/gcc-15/cpp-15_15.2.0-16ubuntu1_amd64.deb
bb3e334dc885d124d38cd4350f1cb4606c03ce58e9f53dc51a84c2c8d11c84e1 https://snapshot.ubuntu.com/ubuntu/20260908T000000Z/pool/main/libs/libssh2/libssh2-1t64_1.11.1-1ubuntu0.26.04.4_amd64.deb
bb7f69de12414f6e52eea1da952ed7226b8e3fd9db74f93bb8ea3f2f39f4836f https://snapshot.ubuntu.com/ubuntu/20260908T000000Z/pool/main/j/jq/jq_1.8.1-4ubuntu2_amd64.deb
bdeecb9b4309731eef49eea87cf126e343d12d3823e32f0286e3e5f18f437994 https://snapshot.ubuntu.com/ubuntu/20260908T000000Z/pool/main/liby/libyaml/libyaml-0-2_0.2.5-2build3_amd64.deb
c0f6da8c4694a3157eb4c76dd2c0ddd2ffe25a69e1f8f7548c4590521049a57e https://snapshot.ubuntu.com/ubuntu/20260908T000000Z/pool/universe/g/gcc-16/libobjc4_16-20260322-1ubuntu1_amd64.deb
c3a76666e9831f02dcd594a8edb0105126a8e780889fb9659ab0610525844a4a https://snapshot.ubuntu.com/ubuntu/20260908T000000Z/pool/main/g/glibc/libc-dev-bin_2.43-2ubuntu2.3_amd64.deb
c3b36d7357dea773eefe6c4f97ebff416e5afee22489dc1f729e31d6f47872e9 https://snapshot.ubuntu.com/ubuntu/20260908T000000Z/pool/main/g/git/git_2.53.0-1ubuntu1_amd64.deb
c4d7c1d46b82505dc636a1301c056d7098ac9663de012123f9371094bd137d88 https://snapshot.ubuntu.com/ubuntu/20260908T000000Z/pool/main/o/openssl/openssl-provider-legacy_3.5.5-1ubuntu3.5_amd64.deb
c588adbf82e18cdaa7cb34adf7c68773f234eea49052bf8db064eec7d06aa465 https://snapshot.ubuntu.com/ubuntu/20260908T000000Z/pool/universe/l/llvm-toolchain-21/clang-tidy-21_21.1.8-6ubuntu1_amd64.deb
c7188f593d77017a4ebb6fea76bb4b5180a3e5a1e7b9f0e3dbd5f5abf7e7183e https://snapshot.ubuntu.com/ubuntu/20260908T000000Z/pool/universe/l/llvm-toolchain-21/libclang-common-21-dev_21.1.8-6ubuntu1_amd64.deb
c8581096f4fb4b2dc4b48166e9abfe4d54d78cccca21dfc511dc5edbdd03136e https://snapshot.ubuntu.com/ubuntu/20260908T000000Z/pool/universe/l/llvm-toolchain-21/llvm-21-runtime_21.1.8-6ubuntu1_amd64.deb
c90895d3b6cd164fcb54def68c7dff74419f869c837fa607e3f54c1a0e742263 https://snapshot.ubuntu.com/ubuntu/20260908T000000Z/pool/main/g/gcc-16/liblsan0_16-20260322-1ubuntu1_amd64.deb
cb56910e76ae4bff697391e2224bc8e8edda93ca5117b26e8f9a6118f2c0cd27 https://snapshot.ubuntu.com/ubuntu/20260908T000000Z/pool/main/g/gcc-16/lib32stdc%2b%2b6_16-20260322-1ubuntu1_amd64.deb
cb7771861d821e48d38253f2397217920d5cf8020ed9de8372a625d080dcc6be https://snapshot.ubuntu.com/ubuntu/20260908T000000Z/pool/main/g/gcc-15/g%2b%2b-15_15.2.0-16ubuntu1_amd64.deb
cb85c869fe056e9e466efcfa3403408b0a87db1da1cafa585140a9be59fe58a1 https://snapshot.ubuntu.com/ubuntu/20260908T000000Z/pool/main/libe/liberror-perl/liberror-perl_0.17030-1_all.deb
cb935821161fdfdbd30afdbcb8ceeab736f9a4df84f02df883a41d911951e398 https://snapshot.ubuntu.com/ubuntu/20260908T000000Z/pool/main/r/rhash/librhash1_1.4.6-1.1_amd64.deb
cc2870c52d3d6845bd792e861930dd6afc5fe165edb0c8c3700332c3bfbd666e https://snapshot.ubuntu.com/ubuntu/20260908T000000Z/pool/main/g/git/git-man_2.53.0-1ubuntu1_all.deb
cde09806b1b60d0ab8ab96033177cb21a0290333a946f25572de8f72b4403695 https://snapshot.ubuntu.com/ubuntu/20260908T000000Z/pool/main/g/gcc-16/libubsan1_16-20260322-1ubuntu1_amd64.deb
d14fc7bf644b495083f77c99ff168f1a2215c8b3b7ad5202e0345dc1092002b0 https://snapshot.ubuntu.com/ubuntu/20260908T000000Z/pool/main/b/binutils/binutils_2.46-3ubuntu2_amd64.deb
d156dd940bff6dec8b6880cd0da4d515398d03d7b2e8b3163a935e701f80aa27 https://snapshot.ubuntu.com/ubuntu/20260908T000000Z/pool/main/k/krb5/libgssapi-krb5-2_1.22.1-2ubuntu4.1_amd64.deb
d1b10c964c53344b2b99d093bd437391460eec9a872961c2beb256d64a8c5bbf https://snapshot.ubuntu.com/ubuntu/20260908T000000Z/pool/main/t/tzdata/tzdata_2026c-0ubuntu0.26.04.1_all.deb
d2262c68b797a376a52e7716e6f8704a839b0c657c598acf9a9b6c5251c892fa https://snapshot.ubuntu.com/ubuntu/20260908T000000Z/pool/universe/l/llvm-toolchain-21/clang-format-21_21.1.8-6ubuntu1_amd64.deb
d47ae7d97b3751264f921cc3df09a70915e85ad980c94b99e651e21c36e3d987 https://snapshot.ubuntu.com/ubuntu/20260908T000000Z/pool/main/o/openssh/openssh-client_10.2p1-2ubuntu3.6_amd64.deb
d59b3a851c0b58759e9f940fa407f68a6ef46401381e5389c74e5ded5419262d https://snapshot.ubuntu.com/ubuntu/20260908T000000Z/pool/main/g/gcc-16/libasan8_16-20260322-1ubuntu1_amd64.deb
d5f37616b30209d8c10c4a705d7bf9558ca21e058fc2b2bd2ffcf37a74a42861 https://snapshot.ubuntu.com/ubuntu/20260908T000000Z/pool/main/p/python3-defaults/python3-minimal_3.14.3-0ubuntu2_amd64.deb
d7102b9d3fd35fd7a66d94ba0765a9c8e87b2b80e3633ef4af401dd0c952bafd https://snapshot.ubuntu.com/ubuntu/20260908T000000Z/pool/main/r/rpcsvc-proto/rpcsvc-proto_1.4.3-1build1_amd64.deb
d780844418b745c432a5d6c85f055625f37e27523b026baee0c87d386a0aab0a https://snapshot.ubuntu.com/ubuntu/20260908T000000Z/pool/main/g/gcc-defaults/gcc_15.2.0-5ubuntu1_amd64.deb
df0e5375c9e981b18e396c2e9ec1e359f226576a9b94a311bf07603f3ca6023a https://snapshot.ubuntu.com/ubuntu/20260908T000000Z/pool/main/g/gcc-15/gcc-15-x86-64-linux-gnu_15.2.0-16ubuntu1_amd64.deb
e12ff893f877c9cd92464a57a0878ee27328e1a44177da305819c75c32fb6a5e https://snapshot.ubuntu.com/ubuntu/20260908T000000Z/pool/main/c/curl/libcurl4t64_8.18.0-1ubuntu2.4_amd64.deb
e36eedde45b1174a591f55ce94beef99dfb89d58308b96e1354a1e4588820225 https://snapshot.ubuntu.com/ubuntu/20260908T000000Z/pool/main/g/gnupg2/gpgsm_2.4.8-4ubuntu3.1_amd64.deb
e43f9f829842a37afa8296440e541c4ffec8f1a071c1e7d71b2bba850e4cf5b2 https://snapshot.ubuntu.com/ubuntu/20260908T000000Z/pool/main/p/perl/perl-modules-5.40_5.40.1-7ubuntu0.1_all.deb
e70d3422e24b267293215134458f340944bf10e92b27147594c69a7dd2823089 https://snapshot.ubuntu.com/ubuntu/20260908T000000Z/pool/main/p/p11-kit/libp11-kit0_0.26.2-2_amd64.deb
e74f757c08a3c9827453de9986101b43ca1069de6be9b8a7eeb438943f73f11f https://snapshot.ubuntu.com/ubuntu/20260908T000000Z/pool/main/libf/libfido2/libfido2-1_1.16.0-2build1_amd64.deb
e945108f14dab1ed9ac2ebe813286cca2073c962097bcc8a796bd141c8d15fcb https://snapshot.ubuntu.com/ubuntu/20260908T000000Z/pool/universe/s/setuptools/python3-setuptools-whl_78.1.1-0.1build1_all.deb
e9ef750cc8ba426dee52f56aba0150e7e463b2658173bed8c4ca2927eec1c447 https://snapshot.ubuntu.com/ubuntu/20260908T000000Z/pool/main/g/gdbm/libgdbm-compat4t64_1.26-1build1_amd64.deb
ea7d3cc642ffe2459c35a85c894f80e92499b9eba13bdcb225e0aa751c0970be https://snapshot.ubuntu.com/ubuntu/20260908T000000Z/pool/main/k/keyutils/libkeyutils1_1.6.3-6ubuntu3_amd64.deb
eb4f4208329364938c91d958fcdc3226db032c88ae3529adce13c4f3983c0603 https://snapshot.ubuntu.com/ubuntu/20260908T000000Z/pool/universe/l/llvm-toolchain-21/lld-21_21.1.8-6ubuntu1_amd64.deb
ee08bb36dcd86a0e0aa96611d4da8b87a3253c8220b535def261e91631bb47bd https://snapshot.ubuntu.com/ubuntu/20260908T000000Z/pool/universe/p/python-pip/python3-pip-whl_25.1.1%2bdfsg-1ubuntu2_all.deb
ef78089497946219cac03209d951bbfff93480104e791b770a7bf6429452e475 https://snapshot.ubuntu.com/ubuntu/20260908T000000Z/pool/main/e/expat/libexpat1_2.7.4-1_amd64.deb
ef841c269b5e9f324e38b1069f712a13c29237051f037847d1de79441dc3a9a2 https://snapshot.ubuntu.com/ubuntu/20260908T000000Z/pool/main/g/gcc-16/libitm1_16-20260322-1ubuntu1_amd64.deb
ef8e6376ecdaa82f4f7fbd1f6fb8cbf7818a1305c8e7b015c1aa9f4bdc77d12a https://snapshot.ubuntu.com/ubuntu/20260908T000000Z/pool/main/z/zip/zip_3.0-15ubuntu3_amd64.deb
f008e39aada379d64166153d5e37ccc4f18b3e334babb9e32c4da9b4396ee733 https://snapshot.ubuntu.com/ubuntu/20260908T000000Z/pool/main/n/netbase/netbase_6.5build1_all.deb
f17f3383b6c12114086f8119c0050092eac20252e59b30d5f3e3d9aa85c5b53f https://snapshot.ubuntu.com/ubuntu/20260908T000000Z/pool/universe/l/llvm-toolchain-21/clangd-21_21.1.8-6ubuntu1_amd64.deb
f3412d08032210541d25c4e00fa492ce527af245ac9bec2e543d81a59b4426aa https://snapshot.ubuntu.com/ubuntu/20260908T000000Z/pool/main/m/media-types/media-types_14.0.0build1_all.deb
f48da8b7bae5c05106034d54bf6c8ea2a54654f52e11bd75dc2b991d2ef24a49 https://snapshot.ubuntu.com/ubuntu/20260908T000000Z/pool/main/g/glibc/libc6-dev_2.43-2ubuntu2.3_amd64.deb
f4a008f8219118acb7d5e0356d615f4fc6829a9f5a838394d0f7e101e9c5ebf8 https://snapshot.ubuntu.com/ubuntu/20260908T000000Z/pool/main/b/bzip2/libbz2-1.0_1.0.8-6ubuntu0.1_amd64.deb
f56c773a0068a19e2151c665833eff5b875ee7ed9ad76466bfad9766744b1148 https://snapshot.ubuntu.com/ubuntu/20260908T000000Z/pool/main/p/python3.14/libpython3.14-stdlib_3.14.4-1ubuntu0.1_amd64.deb
f62cc56364e417e4d2478c5d6a1d07af0f40625e587dd8dceb96b23b1fa76e07 https://snapshot.ubuntu.com/ubuntu/20260908T000000Z/pool/main/o/openssl/libssl3t64_3.5.5-1ubuntu3.5_amd64.deb
f8e4e754a843b1334e90092aac4c24433836d0756c996f37822d33905f2596e5 https://snapshot.ubuntu.com/ubuntu/20260908T000000Z/pool/main/g/gnupg2/gnupg_2.4.8-4ubuntu3.1_all.deb
fb8da4f691b6e2139fa5cdf7f54d000ef1b7b27753efb2dbdc5a9546057a62c6 https://snapshot.ubuntu.com/ubuntu/20260908T000000Z/pool/main/g/gnupg2/gpg_2.4.8-4ubuntu3.1_amd64.deb
fe164065d371fe86558ff22d873a74c4d81b374884a516a4cd17b527ff0e00ca https://snapshot.ubuntu.com/ubuntu/20260908T000000Z/pool/main/p/perl/libperl5.40_5.40.1-7ubuntu0.1_amd64.deb
